# This file is autogenerated, do not edit; changes may be undone by the next 'dep ensure'.


[[projects]]
  branch = "master"
  name = "golang.org/x/crypto"
  packages = [
    "pkcs12",
    "pkcs12/internal/rc2"
  ]
  revision = "5295e8364332db77d75fce11f1d19c053919a9c9"

[solve-meta]
  analyzer-name = "dep"
  analyzer-version = 1
  inputs-digest = "e4a033a9674ac744ed880f499d8bea5a1007eacd730ca539d360ce71dd0e93da"
  solver-name = "gps-cdcl"
  solver-version = 1
